// !$*UTF8*$!
{
	archiveVersion = 1;
	classes = {
	};
	objectVersion = 46;
	objects = {

/* Begin PBXBuildFile section */
		33FA95321EE5600B00FEB15D /* AppDelegate.swift in Sources */ = {isa = PBXBuildFile; fileRef = 33FA95311EE5600B00FEB15D /* AppDelegate.swift */; };
		33FA95341EE5600B00FEB15D /* ViewController.swift in Sources */ = {isa = PBXBuildFile; fileRef = 33FA95331EE5600B00FEB15D /* ViewController.swift */; };
		33FA95371EE5600B00FEB15D /* Main.storyboard in Resources */ = {isa = PBXBuildFile; fileRef = 33FA95351EE5600B00FEB15D /* Main.storyboard */; };
		33FA95391EE5600B00FEB15D /* Assets.xcassets in Resources */ = {isa = PBXBuildFile; fileRef = 33FA95381EE5600B00FEB15D /* Assets.xcassets */; };
		33FA953C1EE5600B00FEB15D /* LaunchScreen.storyboard in Resources */ = {isa = PBXBuildFile; fileRef = 33FA953A1EE5600B00FEB15D /* LaunchScreen.storyboard */; };
		33FA95451EE5602300FEB15D /* SpriteKit.framework in Frameworks */ = {isa = PBXBuildFile; fileRef = 33FA95441EE5602300FEB15D /* SpriteKit.framework */; };
/* End PBXBuildFile section */

/* Begin PBXFileReference section */
		33FA952E1EE5600B00FEB15D /* Game.app */ = {isa = PBXFileReference; explicitFileType = wrapper.application; includeInIndex = 0; path = Game.app; sourceTree = BUILT_PRODUCTS_DIR; };
		33FA95311EE5600B00FEB15D /* AppDelegate.swift */ = {isa = PBXFileReference; lastKnownFileType = sourcecode.swift; path = AppDelegate.swift; sourceTree = "<group>"; };
		33FA95331EE5600B00FEB15D /* ViewController.swift */ = {isa = PBXFileReference; lastKnownFileType = sourcecode.swift; path = ViewController.swift; sourceTree = "<group>"; };
		33FA95361EE5600B00FEB15D /* Base */ = {isa = PBXFileReference; lastKnownFileType = file.storyboard; name = Base; path = Base.lproj/Main.storyboard; sourceTree = "<group>"; };
		33FA95381EE5600B00FEB15D /* Assets.xcassets */ = {isa = PBXFileReference; lastKnownFileType = folder.assetcatalog; path = Assets.xcassets; sourceTree = "<group>"; };
		33FA953B1EE5600B00FEB15D /* Base */ = {isa = PBXFileReference; lastKnownFileType = file.storyboard; name = Base; path = Base.lproj/LaunchScreen.storyboard; sourceTree = "<group>"; };
		33FA953D1EE5600B00FEB15D /* Info.plist */ = {isa = PBXFileReference; lastKnownFileType = text.plist.xml; path = Info.plist; sourceTree = "<group>"; };
		33FA95441EE5602300FEB15D /* SpriteKit.framework */ = {isa = PBXFileReference; lastKnownFileType = wrapper.framework; name = SpriteKit.framework; path = System/Library/Frameworks/SpriteKit.framework; sourceTree = SDKROOT; };
/* End PBXFileReference section */

/* Begin PBXFrameworksBuildPhase section */
		33FA952B1EE5600B00FEB15D /* Frameworks */ = {
			isa = PBXFrameworksBuildPhase;
			buildActionMask = 2147483647;
			files = (
				33FA95451EE5602300FEB15D /* SpriteKit.framework in Frameworks */,
			);
			runOnlyForDeploymentPostprocessing = 0;
		};
/* End PBXFrameworksBuildPhase section */

/* Begin PBXGroup section */
		33FA95251EE5600B00FEB15D = {
			isa = PBXGroup;
			children = (
				33FA95301EE5600B00FEB15D /* Game */,
				33FA952F1EE5600B00FEB15D /* Products */,
				33FA95431EE5602300FEB15D /* Frameworks */,
			);
			sourceTree = "<group>";
		};
		33FA952F1EE5600B00FEB15D /* Products */ = {
			isa = PBXGroup;
			children = (
				33FA952E1EE5600B00FEB15D /* Game.app */,
			);
			name = Products;
			sourceTree = "<group>";
		};
		33FA95301EE5600B00FEB15D /* Game */ = {
			isa = PBXGroup;
			children = (
				33FA95311EE5600B00FEB15D /* AppDelegate.swift */,
				33FA95331EE5600B00FEB15D /* ViewController.swift */,
				33FA95351EE5600B00FEB15D /* Main.storyboard */,
				33FA95381EE5600B00FEB15D /* Assets.xcassets */,
				33FA953A1EE5600B00FEB15D /* LaunchScreen.storyboard */,
				33FA953D1EE5600B00FEB15D /* Info.plist */,
			);
			path = Game;
			sourceTree = "<group>";
		};
		33FA95431EE5602300FEB15D /* Frameworks */ = {
			isa = PBXGroup;
			children = (
				33FA95441EE5602300FEB15D /* SpriteKit.framework */,
			);
			name = Frameworks;
			sourceTree = "<group>";
		};
/* End PBXGroup section */

/* Begin PBXNativeTarget section */
		33FA952D1EE5600B00FEB15D /* Game */ = {
			isa = PBXNativeTarget;
			buildConfigurationList = 33FA95401EE5600B00FEB15D /* Build configuration list for PBXNativeTarget "Game" */;
			buildPhases = (
				33FA952A1EE5600B00FEB15D /* Sources */,
				33FA952B1EE5600B00FEB15D /* Frameworks */,
				33FA952C1EE5600B00FEB15D /* Resources */,
			);
			buildRules = (
			);
			dependencies = (
			);
			name = Game;
			productName = Game;
			productReference = 33FA952E1EE5600B00FEB15D /* Game.app */;
			productType = "com.apple.product-type.application";
		};
/* End PBXNativeTarget section */

/* Begin PBXProject section */
		33FA95261EE5600B00FEB15D /* Project object */ = {
			isa = PBXProject;
			attributes = {
				LastSwiftUpdateCheck = 0820;
				LastUpgradeCheck = 0820;
				ORGANIZATIONNAME = "Fabio Davide";
				TargetAttributes = {
					33FA952D1EE5600B00FEB15D = {
						CreatedOnToolsVersion = 8.2.1;
						DevelopmentTeam = 2AZV92EYTF;
						ProvisioningStyle = Automatic;
					};
				};
			};
			buildConfigurationList = 33FA95291EE5600B00FEB15D /* Build configuration list for PBXProject "Game" */;
			compatibilityVersion = "Xcode 3.2";
			developmentRegion = English;
			hasScannedForEncodings = 0;
			knownRegions = (
				en,
				Base,
			);
			mainGroup = 33FA95251EE5600B00FEB15D;
			productRefGroup = 33FA952F1EE5600B00FEB15D /* Products */;
			projectDirPath = "";
			projectRoot = "";
			targets = (
				33FA952D1EE5600B00FEB15D /* Game */,
			);
		};
/* End PBXProject section */

/* Begin PBXResourcesBuildPhase section */
		33FA952C1EE5600B00FEB15D /* Resources */ = {
			isa = PBXResourcesBuildPhase;
			buildActionMask = 2147483647;
			files = (
				33FA953C1EE5600B00FEB15D /* LaunchScreen.storyboard in Resources */,
				33FA95391EE5600B00FEB15D /* Assets.xcassets in Resources */,
				33FA95371EE5600B00FEB15D /* Main.storyboard in Resources */,
			);
			runOnlyForDeploymentPostprocessing = 0;
		};
/* End PBXResourcesBuildPhase section */

/* Begin PBXSourcesBuildPhase section */
		33FA952A1EE5600B00FEB15D /* Sources */ = {
			isa = PBXSourcesBuildPhase;
			buildActionMask = 2147483647;
			files = (
				33FA95341EE5600B00FEB15D /* ViewController.swift in Sources */,
				33FA95321EE5600B00FEB15D /* AppDelegate.swift in Sources */,
			);
			runOnlyForDeploymentPostprocessing = 0;
		};
/* End PBXSourcesBuildPhase section */

/* Begin PBXVariantGroup section */
		33FA95351EE5600B00FEB15D /* Main.storyboard */ = {
			isa = PBXVariantGroup;
			children = (
				33FA95361EE5600B00FEB15D /* Base */,
			);
			name = Main.storyboard;
			sourceTree = "<group>";
		};
		33FA953A1EE5600B00FEB15D /* LaunchScreen.storyboard */ = {
			isa = PBXVariantGroup;
			children = (
				33FA953B1EE5600B00FEB15D /* Base */,
			);
			name = LaunchScreen.storyboard;
			sourceTree = "<group>";
		};
/* End PBXVariantGroup section */

/* Begin XCBuildConfiguration section */
		33FA953E1EE5600B00FEB15D /* Debug */ = {
			isa = XCBuildConfiguration;
			buildSettings = {
				ALWAYS_SEARCH_USER_PATHS = NO;
				CLANG_ANALYZER_NONNULL = YES;
				CLANG_CXX_LANGUAGE_STANDARD = "gnu++0x";
				CLANG_CXX_LIBRARY = "libc++";
				CLANG_ENABLE_MODULES = YES;
				CLANG_ENABLE_OBJC_ARC = YES;
				CLANG_WARN_BOOL_CONVERSION = YES;
				CLANG_WARN_CONSTANT_CONVERSION = YES;
				CLANG_WARN_DIRECT_OBJC_ISA_USAGE = YES_ERROR;
				CLANG_WARN_DOCUMENTATION_COMMENTS = YES;
				CLANG_WARN_EMPTY_BODY = YES;
				CLANG_WARN_ENUM_CONVERSION = YES;
				CLANG_WARN_INFINITE_RECURSION = YES;
				CLANG_WARN_INT_CONVERSION = YES;
				CLANG_WARN_OBJC_ROOT_CLASS = YES_ERROR;
				CLANG_WARN_SUSPICIOUS_MOVE = YES;
				CLANG_WARN_UNREACHABLE_CODE = YES;
				CLANG_WARN__DUPLICATE_METHOD_MATCH = YES;
				"CODE_SIGN_IDENTITY[sdk=iphoneos*]" = "iPhone Developer";
				COPY_PHASE_STRIP = NO;
				DEBUG_INFORMATION_FORMAT = dwarf;
				ENABLE_STRICT_OBJC_MSGSEND = YES;
				ENABLE_TESTABILITY = YES;
				GCC_C_LANGUAGE_STANDARD = gnu99;
				GCC_DYNAMIC_NO_PIC = NO;
				GCC_NO_COMMON_BLOCKS = YES;
				GCC_OPTIMIZATION_LEVEL = 0;
				GCC_PREPROCESSOR_DEFINITIONS = (
					"DEBUG=1",
					"$(inherited)",
				);
				GCC_WARN_64_TO_32_BIT_CONVERSION = YES;
				GCC_WARN_ABOUT_RETURN_TYPE = YES_ERROR;
				GCC_WARN_UNDECLARED_SELECTOR = YES;
				GCC_WARN_UNINITIALIZED_AUTOS = YES_AGGRESSIVE;
				GCC_WARN_UNUSED_FUNCTION = YES;
				GCC_WARN_UNUSED_VARIABLE = YES;
				IPHONEOS_DEPLOYMENT_TARGET = 10.2;
				MTL_ENABLE_DEBUG_INFO = YES;
				ONLY_ACTIVE_ARCH = YES;
				SDKROOT = iphoneos;
				SWIFT_ACTIVE_COMPILATION_CONDITIONS = DEBUG;
				SWIFT_OPTIMIZATION_LEVEL = "-Onone";
				TARGETED_DEVICE_FAMILY = "1,2";
			};
			name = Debug;
		};
		33FA953F1EE5600B00FEB15D /* Release */ = {
			isa = XCBuildConfiguration;
			buildSettings = {
				ALWAYS_SEARCH_USER_PATHS = NO;
				CLANG_ANALYZER_NONNULL = YES;
				CLANG_CXX_LANGUAGE_STANDARD = "gnu++0x";
				CLANG_CXX_LIBRARY = "libc++";
				CLANG_ENABLE_MODULES = YES;
				CLANG_ENABLE_OBJC_ARC = YES;
				CLANG_WARN_BOOL_CONVERSION = YES;
				CLANG_WARN_CONSTANT_CONVERSION = YES;
				CLANG_WARN_DIRECT_OBJC_ISA_USAGE = YES_ERROR;
				CLANG_WARN_DOCUMENTATION_COMMENTS = YES;
				CLANG_WARN_EMPTY_BODY = YES;
				CLANG_WARN_ENUM_CONVERSION = YES;
				CLANG_WARN_INFINITE_RECURSION = YES;
				CLANG_WARN_INT_CONVERSION = YES;
				CLANG_WARN_OBJC_ROOT_CLASS = YES_ERROR;
				CLANG_WARN_SUSPICIOUS_MOVE = YES;
				CLANG_WARN_UNREACHABLE_CODE = YES;
				CLANG_WARN__DUPLICATE_METHOD_MATCH = YES;
				"CODE_SIGN_IDENTITY[sdk=iphoneos*]" = "iPhone Developer";
				COPY_PHASE_STRIP = NO;
				DEBUG_INFORMATION_FORMAT = "dwarf-with-dsym";
				ENABLE_NS_ASSERTIONS = NO;
				ENABLE_STRICT_OBJC_MSGSEND = YES;
				GCC_C_LANGUAGE_STANDARD = gnu99;
				GCC_NO_COMMON_BLOCKS = YES;
				GCC_WARN_64_TO_32_BIT_CONVERSION = YES;
				GCC_WARN_ABOUT_RETURN_TYPE = YES_ERROR;
				GCC_WARN_UNDECLARED_SELECTOR = YES;
				GCC_WARN_UNINITIALIZED_AUTOS = YES_AGGRESSIVE;
				GCC_WARN_UNUSED_FUNCTION = YES;
				GCC_WARN_UNUSED_VARIABLE = YES;
				IPHONEOS_DEPLOYMENT_TARGET = 10.2;
				MTL_ENABLE_DEBUG_INFO = NO;
				SDKROOT = iphoneos;
				SWIFT_OPTIMIZATION_LEVEL = "-Owholemodule";
				TARGETED_DEVICE_FAMILY = "1,2";
				VALIDATE_PRODUCT = YES;
			};
			name = Release;
		};
		33FA95411EE5600B00FEB15D /* Debug */ = {
			isa = XCBuildConfiguration;
			buildSettings = {
				ASSETCATALOG_COMPILER_APPICON_NAME = AppIcon;
				DEVELOPMENT_TEAM = 2AZV92EYTF;
				INFOPLIST_FILE = Game/Info.plist;
				LD_RUNPATH_SEARCH_PATHS = "$(inherited) @executable_path/Frameworks";
				PRODUCT_BUNDLE_IDENTIFIER = "Fabio-Davide.Game";
				PRODUCT_NAME = "$(TARGET_NAME)";
				SWIFT_VERSION = 3.0;
			};
			name = Debug;
		};
		33FA95421EE5600B00FEB15D /* Release */ = {
			isa = XCBuildConfiguration;
			buildSettings = {
				ASSETCATALOG_COMPILER_APPICON_NAME = AppIcon;
				DEVELOPMENT_TEAM = 2AZV92EYTF;
				INFOPLIST_FILE = Game/Info.plist;
				LD_RUNPATH_SEARCH_PATHS = "$(inherited) @executable_path/Frameworks";
				PRODUCT_BUNDLE_IDENTIFIER = "Fabio-Davide.Game";
				PRODUCT_NAME = "$(TARGET_NAME)";
				SWIFT_VERSION = 3.0;
			};
			name = Release;
		};
/* End XCBuildConfiguration section */

/* Begin XCConfigurationList section */
		33FA95291EE5600B00FEB15D /* Build configuration list for PBXProject "Game" */ = {
			isa = XCConfigurationList;
			buildConfigurations = (
				33FA953E1EE5600B00FEB15D /* Debug */,
				33FA953F1EE5600B00FEB15D /* Release */,
			);
			defaultConfigurationIsVisible = 0;
			defaultConfigurationName = Release;
		};
		33FA95401EE5600B00FEB15D /* Build configuration list for PBXNativeTarget "Game" */ = {
			isa = XCConfigurationList;
			buildConfigurations = (
				33FA95411EE5600B00FEB15D /* Debug */,
				33FA95421EE5600B00FEB15D /* Release */,
			);
			defaultConfigurationIsVisible = 0;
		};
/* End XCConfigurationList section */
	};
	rootObject = 33FA95261EE5600B00FEB15D /* Project object */;
}
